aalib 1.4rc5-19
aardvark-dns 1.17.0-1
abseil-cpp 20250814.1-1
accountsservice 23.13.9-2
acl 2.3.2-1
acorn 1:8.15.0-1
acpid 2.0.34-2
adobe-source-code-pro-fonts 2.042u+1.062i+1.026vf-2
adobe-source-serif-fonts 4.005-2
adw-gtk-theme 6.4-1
adwaita-cursors 49.0-1
adwaita-fonts 49.0-2
adwaita-icon-theme 49.0-1
adwaita-icon-theme-legacy 46.2-3
alsa-card-profiles 1:1.4.10-1
alsa-lib 1.2.15.2-1
alsa-topology-conf 1.2.5.1-4
alsa-ucm-conf 1.2.15.2-1
alsa-utils 1.2.15.2-1
amd-ucode 20260110-1
antigravity 1.14.2-2
anycubicslicernext-bin-debug 1.3.7171-2
aom 3.13.1-2
apache 2.4.66-1
appstream 1.1.1-1
apr 1.7.6-1
apr-util 1.6.3-2
arch-install-scripts 31-1
archlinux-appstream-data 20260107-1
archlinux-keyring 20260107-2
argon2 20190702-6
aspell 0.60.8.1-2
aspell-en 2020.12.07-2
at-spi2-core 2.58.3-1
attr 2.5.2-1
audit 4.1.2-2
autoconf 2.72-1
automake 1.18.1-1
avahi 1:0.9rc2-3
aws-c-auth 0.9.5-1
aws-c-cal 0.9.13-1
aws-c-common 0.12.6-1
aws-c-compression 0.3.2-1
aws-c-event-stream 0.5.9-1
aws-c-http 0.10.9-1
aws-c-io 0.25.0-1
aws-c-mqtt 0.13.3-1
aws-c-s3 0.11.4-1
aws-c-sdkutils 0.2.4-1
aws-checksums 0.2.8-1
aws-crt-cpp 0.37.0-1
aws-sdk-cpp-core 1.11.725-1
aws-sdk-cpp-iam 1.11.725-1
aws-sdk-cpp-s3 1.11.725-1
ayatana-ido 0.10.4-1
baobab 49.1-1
base 3-2
base-devel 1-2
bash 5.3.9-1
bash-completion 2.17.0-2
bcc 0.35.0-7
bind 9.20.17-1
binutils 2.45.1+r35+g12d0a1dbc1b9-1
bison 3.8.2-8
blas 3.12.1-2
blosc 1.21.6-2
bluez 5.85-1
bluez-libs 5.85-1
bluez-obex 5.85-1
bolt 0.9.10-1
boost 1.89.0-4
boost-libs 1.89.0-4
botan 3.10.0-2
botan2 2.19.5-2
brave-bin 1:1.86.139-1
breezy 3.3.20-1
breezy-desktop-gnome-git 2.4.1-1
brltty 6.8-6
broot 1.54.0-1
brother-dcp-l2550dw 4.0.0-2
brother-dcp-l2550dw-debug 4.0.0-2
brotli 1.2.0-1
btop 1.4.6-1
btrfs-progs 6.17.1-2
bubblewrap 0.11.0-1
bzip2 1.0.8-6
c-ares 1.34.6-1
c3c-git r3769.292bf1cbb-1
c3c-git-debug r3769.292bf1cbb-1
ca-certificates 20240618-1
ca-certificates-mozilla 3.120-1
ca-certificates-utils 20240618-1
cairo 1.18.4-1
cairomm-1.16 1.18.0-2
capstone 5.0.6-2
catatonit 0.2.1-2
cblas 3.12.1-2
cdparanoia 10.2-9
cdrtools 3.02a09-6
chromaprint 1.6.0-2
cifs-utils 7.4-1
clang 21.1.6-3
clang19 19.1.7-1
clang20 20.1.8-1
claude-code 2.1.12-1
cmake 4.2.1-1
coin 1:4.0.6-1
colord 1.4.8-1
colord-gtk-common 0.3.1-1
colord-gtk4 0.3.1-1
colord-sane 1.4.8-1
compiler-rt 21.1.6-1
compiler-rt19 19.1.7-1
compiler-rt20 20.1.8-1
composefs 1.0.8-1
confuse 3.3-4
conmon 1:2.2.0-1
containers-common 1:0.66.1-2
coreutils 9.9-1
cosmic-app-library 1:1.0.2-1
cosmic-applets 1:1.0.2-1
cosmic-bg 1:1.0.2-1
cosmic-comp 1:1.0.2-1
cosmic-files 1:1.0.2-1
cosmic-greeter 1:1.0.2-1
cosmic-icon-theme 1:1.0.2-1
cosmic-idle 1:1.0.2-1
cosmic-launcher 1:1.0.2-1
cosmic-notifications 1:1.0.2-1
cosmic-osd 1:1.0.2-1
cosmic-panel 1:1.0.2-1
cosmic-randr 1:1.0.2-1
cosmic-screenshot 1:1.0.2-1
cosmic-session 1:1.0.2-1
cosmic-settings 1:1.0.2-1
cosmic-settings-daemon 1:1.0.2-1
cosmic-store 1:1.0.2-1
cosmic-terminal 1:1.0.2-1
cosmic-text-editor 1:1.0.2-1
cosmic-wallpapers 2:1.0.2-1
cosmic-workspaces 2:1.0.2-1
cpio 2.15-3
cppdap 1.58.0-2
cracklib 2.10.3-1
criu 4.2-2
crun 1.26-3
crypto++ 8.9.0-2
cryptsetup 2.8.3-1
cups 2:2.4.16-1
cups-filters 2.0.1-2
cups-pk-helper 0.2.7-2
curl 8.18.0-2
cython 3.2.4-2
dav1d 1.5.3-1
db5.3 5.3.28-5
dbus 1.16.2-1
dbus-broker 37-2
dbus-broker-units 37-2
dbus-glib 0.114-1
dbus-units 37-2
dconf 0.49.0-1
debugedit 5.2-1
decibels 49.0-1
default-cursors 3-1
desktop-file-utils 0.28-1
device-mapper 2.03.38-1
devtools 1:1.4.0-3
diffutils 3.12-2
distrobox 1.8.2.3-1
djvulibre 3.5.29-1
dnsmasq 2.92-1
dnssec-anchors 20250524-1
docbook-xml 4.5-11
docbook-xsl 1.79.2-9
dotconf 1.4.1-1
double-conversion 3.4.0-1
dracut 109-1
dtc 1.7.2-5
dua-cli 2.33.0-1
duckdb-bin 1.4.3-1
duckdb-bin-debug 1.4.3-1
duf 0.9.1-1
duktape 2.7.0-7
dust 1.2.4-1
e2fsprogs 1.47.3-2
editline 1.17.1-4
editorconfig-core-c 0.12.10-1
edk2-ovmf 202508-1
egl-wayland 4:1.1.21-1
eglexternalplatform 1.2.1-1
electron37 37.5.1-1
electron38 38.7.2-1
emacs-wayland 30.2-1
enchant 2.8.14-1
epiphany 49.2-1
eslint 9.32.0-1
evolution-data-server 3.58.2-2
exempi 2.6.6-2
exiv2 0.28.7-1
expac 10-12
expat 2.7.3-1
faac 1.31.1-1
faad2 2.11.2-1
fakeroot 1.37.1.2-1
fast_float 8.2.2-1
fastfetch 2.57.1-1
fd 10.3.0-1
ffmpeg 2:8.0.1-2
ffmpeg4.4 4.4.6-3
fftw 3.3.10-7
file 5.46-5
filesystem 2025.10.12-1
findutils 4.10.0-3
firefox 147.0.1-1
fish 4.3.3-1
flac 1.5.0-1
flashrom 1.6.0-1
flatpak 1:1.16.2-1
flex 2.6.4-5
fluidsynth 2.5.2-1
fmt 12.1.0-1
folks 0.15.9-2
fontconfig 2:2.17.1-1
freecad 1.0.2-8
freeglut 3.8.0-1
freeimage 3.18.0-23
freerdp 2:3.20.2-1
freetype2 2.14.1-1
fresh-editor-bin 0.1.77-1
fribidi 1.0.16-2
fuse-common 3.17.4-1
fuse2 2.9.9-5
fuse3 3.17.4-1
fw-ectool-git r2763.0ac6155-1
fw-ectool-git-debug r2763.0ac6155-1
fw-fanctrl-git 1.0.4.r1.776f619-2
fwupd 2.0.19-1
fwupd-efi 1.8-1
fzf 0.67.0-2
gawk 5.3.2-1
gc 8.2.10-2
gcc 15.2.1+r447+g6a64f6c3ebb8-1
gcc-libs 15.2.1+r447+g6a64f6c3ebb8-1
gcr 3.41.2-2
gcr-4 4.4.0.1-1
gd 2.3.3-9
gdb 17.1-2
gdb-common 17.1-2
gdbm 1.26-2
gdk-pixbuf2 2.44.4-1
gdm 49.2-1
geoclue 2.8.0-1
geocode-glib-2 3.26.4-4
geocode-glib-common 3.26.4-4
gettext 0.26-1
gexiv2 0.16.0-1
gfxstream 0.1.2-2
ghostscript 10.06.0-1
ghostty 1.2.3-2
ghostty-shell-integration 1.2.3-2
ghostty-terminfo 1.2.3-2
giflib 5.2.2-2
git 2.52.0-2
gitg 2:44-10
github-cli 2.85.0-1
gjs 2:1.86.0-1
gl2ps 1.4.2-3
glew 2.3.0-2
glib-networking 1:2.80.1-1
glib2 2.86.3-2
glib2-docs 2.86.3-2
glibc 2.42+r50+g453e6b8dbab9-1
glibmm-2.68 2.86.0-1
glm 1.0.3-1
glow 2.1.1-1
glslang 1:1.4.335.0-1
glu 9.0.3-2
glycin 2.0.7-1
gmp 6.3.0-2
gn 0.2238.a84e399f-1
gnome-app-list 3.0-1
gnome-autoar 0.4.5-1
gnome-backgrounds 49.0-1
gnome-bluetooth-3.0 47.1-2
gnome-calculator 49.2-1
gnome-calendar 49.1-1
gnome-characters 49.1-1
gnome-clocks 49.0-1
gnome-color-manager 3.36.2-1
gnome-connections 49.0-1
gnome-console 49.2-1
gnome-contacts 49.0-1
gnome-control-center 49.3-1
gnome-desktop-4 1:44.4-1
gnome-desktop-common 1:44.4-1
gnome-disk-utility 46.1-2
gnome-font-viewer 49.0-1
gnome-keybindings 49.3-1
gnome-keyring 1:48.0-1
gnome-logs 49.0-1
gnome-maps 49.3-1
gnome-menus 3.38.1-1
gnome-music 1:49.1-2
gnome-online-accounts 3.56.3-1
gnome-remote-desktop 49.2-1
gnome-session 49.2-1
gnome-settings-daemon 49.1-1
gnome-shell 1:49.2-1
gnome-shell-extension-appindicator 1:61-1
gnome-shell-extension-arc-menu-git 64.r26.g1086d21-1
gnome-shell-extension-blur-my-shell 70-1
gnome-shell-extension-dash-to-dock 1:102-1
gnome-shell-extension-gsconnect 2:71-1
gnome-shell-extension-tailscale-qs 49-1
gnome-shell-extension-weather-oclock 49.0-2
gnome-software 49.3-1
gnome-system-monitor 49.1-1
gnome-text-editor 49.1-1
gnome-tweaks 49.0-2
gnome-user-share 48.2-1
gnome-weather 49.0-1
gnulib-l10n 20241231-1
gnupg 2.4.9-1
gnutls 3.8.11-2
go 2:1.25.6-1
gobject-introspection 1.86.0-2
gobject-introspection-runtime 1.86.0-2
gom 0.5.5-2
gperftools 2.17.2-1
gpgme 2.0.1-1
gpgmepp 2.0.0-2
gping 1.20.1-1
gpm 1.20.7.r38.ge82d1a6-6
graphene 1.10.8-2
graphite 1:1.3.14-5
graphviz 14.1.1-2
greetd 0.10.3-1
greetd-agreety 0.10.3-1
grep 3.12-2
grilo 0.3.19-1
grilo-plugins 1:0.3.18-1
groff 1.23.0-7
gsettings-desktop-schemas 49.1-1
gsettings-system-schemas 49.1-1
gsfonts 20200910-6
gsm 1.0.23-1
gsound 1.0.3-3
gspell 1.14.2-1
gssdp 1.6.4-1
gst-devtools-libs 1.26.10-3
gst-editing-services 1.26.10-3
gst-libav 1.26.10-3
gst-plugin-gtk4 0.14.4-1
gst-plugin-pipewire 1:1.4.10-1
gst-plugins-bad 1.26.10-3
gst-plugins-bad-libs 1.26.10-3
gst-plugins-base 1.26.10-3
gst-plugins-base-libs 1.26.10-3
gst-plugins-good 1.26.10-3
gst-python 1.26.10-3
gstreamer 1.26.10-3
gtest 1.17.0-1
gtk-doc 1.35.1-1
gtk-update-icon-cache 1:4.20.3-1
gtk-vnc 1.5.0-1
gtk3 1:3.24.51-1
gtk4 1:4.20.3-1
gtk4-layer-shell 1.3.0-1
gtkmm-4.0 4.20.0-1
gtksourceview4 4.8.4-2
gtksourceview5 5.18.0-1
gts 0.7.6.121130-5
guile 3.0.11-1
gum 0.17.0-1
gupnp 1:1.6.9-1
gupnp-av 0.14.4-1
gupnp-dlna 0.12.0-4
gupnp-igd 1.6.0-2
gutenprint 5.3.5-1
gvfs 1.58.0-2
gvfs-afc 1.58.0-2
gvfs-dnssd 1.58.0-2
gvfs-goa 1.58.0-2
gvfs-google 1.58.0-2
gvfs-gphoto2 1.58.0-2
gvfs-mtp 1.58.0-2
gvfs-nfs 1.58.0-2
gvfs-onedrive 1.58.0-2
gvfs-smb 1.58.0-2
gvfs-wsdd 1.58.0-2
gzip 1.14-2
harfbuzz 12.3.0-1
harfbuzz-icu 12.3.0-1
hdf5-openmpi 2.0.0-3
helix 25.07.1-1
hicolor-icon-theme 0.18-1
hidapi 0.15.0-1
highway 1.3.0-1
htop 3.4.1-1
hunspell 1.7.2-2
hwdata 0.403-1
hwloc 2.12.2-1
hyperfine 1.20.0-1
hyphen 2.8.8-6
iana-etc 20251215-1
ibus 1.5.33-3
icu 78.2-1
iio-sensor-proxy 3.8-1
ijs 0.35-6
imagemagick 7.1.2.12-2
imath 3.2.2-3
imlib2 1.12.6-1
inetutils 2.6-1
iniparser 4.2.6-2
intltool 0.51.0-6
iproute2 6.18.0-1
iptables 1:1.8.11-2
iputils 20250605-1
iso-codes 4.20.1-1
iw 6.17-1
jack2 1.9.22-1
jansson 2.14.1-1
jasper 4.2.8-1
jbig2dec 0.20-1
jbigkit 2.1-8
jemalloc 1:5.3.0-5
jq 1.8.1-1
js128 128.14.0-1
js140 140.7.0-1
json-c 0.18-2
json-glib 1.10.8-1
jsoncpp 1.9.6-3
jujutsu 0.37.0-1
jxrlib 0.2.4-2
kbd 2.9.0-1
keyutils 1.6.3-3
kmod 34.2-1
krb5 1.21.3-2
l-smash 2.14.5-4
lame 3.100-6
lapack 3.12.1-2
lazygit 0.58.1-1
lcms2 2.18-1
ldb 2:4.23.4-2
leancrypto 1.6.0-1
less 1:685-1
lib3mf 2.4.1-3
libadwaita 1:1.8.3-1
libaec 1.1.4-3
libaemu 0.1.2-5
libaio 0.3.113-3
libao 1.2.2-7
libappindicator 12.10.1-1
libarchive 3.8.5-1
libass 0.17.4-1
libassuan 3.0.0-1
libasyncns 1:0.8+r3+g68cd5af-3
libatasmart 0.19-7
libavc1394 0.5.4-7
libavif 1.3.0-3
libavtp 0.2.0-3
libayatana-appindicator 0.5.94-1
libayatana-indicator 0.9.4-1
libb2 0.98.1-3
libblake3 1.8.3-1
libblockdev 3.4.0-2
libblockdev-crypto 3.4.0-2
libblockdev-fs 3.4.0-2
libblockdev-loop 3.4.0-2
libblockdev-mdraid 3.4.0-2
libblockdev-nvme 3.4.0-2
libblockdev-part 3.4.0-2
libblockdev-smart 3.4.0-2
libblockdev-swap 3.4.0-2
libbluray 1.4.0-2
libbpf 1.6.2-1
libbs2b 3.1.0-9
libbsd 0.12.2-2
libbytesize 2.12-3
libcaca 0.99.beta20-6
libcacard 2.8.1-1
libcanberra 1:0.30+r2+gc0620e4-6
libcap 2.77-1
libcap-ng 0.9-1
libcbor 0.12.0-1
libcdio 2.3.0-1
libcdio-paranoia 10.2+2.0.2-1
libcloudproviders 0.4.0-1
libcolord 1.4.8-1
libcpuid 0.8.1-1
libcue 2.3.0-1
libcups 2:2.4.16-1
libcupsfilters 2.1.1-3
libdaemon 0.14-6
libdatrie 0.2.14-1
libdazzle 3.44.0-1
libdbusmenu-glib 18.10.20180917-1
libdbusmenu-gtk3 18.10.20180917-1
libdc1394 2.2.7-1
libdca 0.0.7-2
libde265 1.0.16-2
libdecor 0.2.5-1
libdeflate 1.25-1
libdisplay-info 0.3.0-1
libdmapsharing 3.9.13-1
libdovi 3.3.2-1
libdrm 2.4.131-1
libdv 1.0.0-11
libdvdnav 7.0.0-1
libdvdread 7.0.1-1
libebur128 1.2.6-2
libedataserverui4 3.58.2-2
libedit 20250104_3.1-1
libei 1.5.0-1
libelf 0.194-1
libepoxy 1.5.10-3
libev 4.33-5
libevdev 1.13.6-1
libevent 2.1.12-4
libexif 0.6.25-1
libfabric 2.4.0-1
libfdk-aac 2.0.3-1
libffi 3.5.2-1
libfontenc 1.1.8-1
libfreeaptx 0.2.2-1
libftdi 1.5-9
libfyaml 0.9.3-1
libgccjit 15.2.1+r447+g6a64f6c3ebb8-1
libgcrypt 1.11.2-1
libgdata 0.18.1-4
libgdm 49.2-1
libgee 0.20.8-1
libgexiv2 0.14.6-2
libgirepository 1.86.0-2
libgit2 1:1.9.2-1
libgit2-glib 1.2.1-2
libglvnd 1.7.0-3
libgme 0.6.4-1
libgoa 3.56.3-1
libgpg-error 1.58-1
libgphoto2 2.5.33-1
libgsf 1.14.55-1
libgtop 2.41.3-2
libgudev 238-3
libgusb 0.4.9-2
libgweather-4 4.4.4-3
libgxps 0.3.2-5
libhandy 1.8.3-2
libheif 1.21.2-1
libibus 1.5.33-3
libical 3.0.20-3
libice 1.1.2-1
libidn 1.43-1
libidn2 2.3.8-1
libiec61883 1.2.0-9
libieee1284 0.2.11-19
libimagequant 4.4.1-1
libimobiledevice 1.4.0-2
libimobiledevice-glue 1.3.2-1
libinih 61-1
libinput 1.30.1-1
libinstpatch 1.1.7-2
libiptcdata 1.0.5-5
libisl 0.27-1
libjcat 0.2.5-1
libjpeg-turbo 3.1.3-1
libjxl 0.11.1-5
libkeybinder3 0.3.2-5
libkrun 1.17.0-1
libkrunfw 5.1.0-1
libksba 1.6.7-2
liblc3 1.1.3-2
libldac 2.0.2.3-2
libldap 2.6.10-2
liblouis 3.36.0-2
liblqr 0.4.3-1
liblrdf 0.6.1-5
libltc 1.3.2-2
libluv 1.51.0-1
libmakepkg-dropins 18-1
libmalcontent 0.13.1-1
libmanette 0.2.13-1
libmaxminddb 1.12.2-2
libmbim 1.34.0-1
libmd 1.1.0-2
libmediaart 1.9.7-1
libmediainfo 25.10-1
libmfx 23.2.2-5
libmicrodns 0.2.0-2
libmm-glib 1.24.2-1
libmms 0.6.4-6
libmnl 1.0.5-2
libmodplug 0.8.9.0-6
libmpc 1.3.1-2
libmpcdec 1:0.1+r475-6
libmspack 1:1.11-1
libmtp 1.1.22-1
libmysofa 1.3.3-1
libnautilus-extension 49.3-1
libnbd 1.24.0-2
libndp 1.9-1
libnet 2:1.3-1
libnetfilter_conntrack 1.0.9-2
libnewt 0.52.25-2
libnfnetlink 1.0.2-2
libnfs 6.0.2-5
libnftnl 1.3.1-1
libnghttp2 1.68.0-1
libnghttp3 1.14.0-1
libngtcp2 1.19.0-1
libnice 0.1.23-1
libnl 3.12.0-1
libnm 1.54.3-1
libnma 1.10.6-3
libnma-common 1.10.6-3
libnma-gtk4 1.10.6-3
libnotify 0.8.8-1
libnsl 2.0.1-1
libnvme 1.16.1-2
liboauth 1:1.0.3+r16+gc26f038-2
libogg 1.3.6-1
libopenmpt 0.8.4-1
libosinfo 1.12.0-2
libotf 0.9.16-6
libp11-kit 0.25.10-2
libpaper 2.2.7-1
libpcap 1.10.6-1
libpciaccess 0.18.1-2
libpdfium-nojs 6998.r2.12f7715a63-1
libpdfium-nojs-debug 6998.r2.12f7715a63-1
libpeas 1.36.0-7
libpgm 5.3.128-3
libphonenumber 1:9.0.22-1
libpipewire 1:1.4.10-1
libplacebo 7.351.0-4
libplist 2.7.0-2
libpng 1.6.53-2
libportal 0.9.1-2
libportal-gtk4 0.9.1-2
libppd 2.1.1-1
libproxy 0.5.12-1
libpsl 0.21.5-2
libpulse 17.0+r98+gb096704c0-1
libpwquality 1.4.5-7
libqalculate 5.8.2-1
libqmi 1.38.0-1
libqrtr-glib 1.4.0-1
libraqm 0.10.3-1
libraw 0.22.0-2
libraw1394 2.1.2-4
librest 0.10.2-1
librsvg 2:2.61.3-1
libsamplerate 0.2.2-3
libsasl 2.1.28-5
libsass 3.6.6-1
libsearpc 2:3.3.0-5
libsearpc-debug 2:3.3.0-5
libseccomp 2.6.0-1
libsecret 0.21.7-1
libshout 1:2.4.6-5
libshumate 1.5.2-1
libsigc++-3.0 3.8.0-1
libslirp 4.9.1-1
libsm 1.2.6-1
libsndfile 1.2.2-4
libsodium 1.0.20-1
libsoup 2.74.3-4
libsoup3 3.6.5-1
libsoxr 0.1.3-4
libspeechd 0.12.1-3
libspelling 0.4.9-2
libspnav 1.2-1
libsrtp 1:2.7.0-1
libssh 0.11.3-1
libssh2 1.11.1-1
libstemmer 3.0.1-1
libsysprof-capture 49.0-1
libtasn1 4.21.0-1
libtatsu 1.0.5-1
libteam 1.32-3
libthai 0.1.30-1
libtheora 1.2.0-1
libtiff 4.7.1-1
libtirpc 1.3.7-1
libtool 2.6.0-1
libtpms 0.10.2-1
libtraceevent 1:1.8.7-1
libtracefs 1.8.3-1
libunibreak 6.1-1
libunistring 1.3-1
libunwind 1.8.2-1
liburcu 0.15.5-1
liburing 2.13-1
libusb 1.0.29-1
libusbmuxd 2.1.1-1
libutempter 1.2.3-1
libutf8proc 2.11.3-1
libuv 1.51.0-1
libva 2.22.0-1
libvdpau 1.5-3
libverto 0.3.2-5
libvirt 1:12.0.0-1
libvncserver 0.9.14-4
libvorbis 1.3.7-4
libvpl 2.16.0-1
libvpx 1.15.2-2
libvterm 0.3.3-2
libwacom 2.17.0-1
libwbclient 2:4.23.4-2
libwebp 1.6.0-2
libwebsockets 4.4.1-1
libwireplumber 0.5.13-1
libwnck3 43.3-1
libx11 1.8.12-2
libxau 1.0.12-1
libxaw 1.0.16-1
libxcb 1.17.0-1
libxcomposite 0.4.6-2
libxcrypt 4.5.2-1
libxcrypt-compat 4.5.2-1
libxcursor 1.2.3-1
libxcvt 0.1.3-1
libxdamage 1.1.6-2
libxdmcp 1.1.5-1
libxdp 1.6.0-1
libxext 1.3.6-1
libxfixes 6.0.2-1
libxfont2 2.0.7-1
libxft 2.3.9-1
libxi 1.8.2-1
libxinerama 1.1.5-2
libxkbcommon 1.13.1-1
libxkbcommon-x11 1.13.1-1
libxkbfile 1.1.3-1
libxml2 2.15.1-5
libxml2-legacy 2.13.9-2
libxmlb 0.3.24-1
libxmu 1.2.1-1
libxpm 3.5.17-2
libxrandr 1.5.4-1
libxrender 0.9.12-1
libxres 1.2.3-1
libxshmfence 1.3.3-1
libxslt 1.1.45-2
libxss 1.2.5-1
libxt 1.3.1-1
libxtst 1.2.5-1
libxv 1.0.13-1
libxxf86vm 1.1.6-1
libyaml 0.2.5-3
libyuv r2426+464c51a03-1
libzen 0.4.41-2
libzip 1.11.4-1
licenses 20240728-1
lilv 0.26.2-2
linux 6.18.5.arch1-1
linux-api-headers 6.18-1
linux-firmware 20260110-1
linux-firmware-amdgpu 20260110-1
linux-firmware-atheros 20260110-1
linux-firmware-broadcom 20260110-1
linux-firmware-cirrus 20260110-1
linux-firmware-intel 20260110-1
linux-firmware-mediatek 20260110-1
linux-firmware-nvidia 20260110-1
linux-firmware-other 20260110-1
linux-firmware-radeon 20260110-1
linux-firmware-realtek 20260110-1
linux-firmware-whence 20260110-1
lld 21.1.6-1
lld19 19.1.7-2
lld20 20.1.8-1
lldb 21.1.6-2
llhttp 9.2.1-2
llvm 21.1.6-2
llvm-libs 21.1.6-2
llvm19-libs 19.1.7-2
llvm20-libs 20.1.8-1
lm_sensors 1:3.6.2-1
lmdb 0.9.33-1
localsearch 3.10.2-1
log4cplus 2.1.0-2
loupe 49.2-1
lowdown 2.0.4-1
lsd 1.2.0-1
lsof 4.99.5-2
lua 5.4.8-2
lua-language-server 3.16.4-1
lua51-lpeg 1.1.0-4
luajit 2.1.1767980792+707c12b-1
luarocks 3.13.0-1
lv2 1.18.10-2
lz4 1:1.10.0-2
lzo 2.10-5
m17n-db 1.8.10-1
m17n-lib 1.8.6-1
m4 1.4.20-1
mailcap 2.1.54-2
make 4.4.1-2
malcontent 0.13.1-1
mc 4.8.33-1
md4c 0.5.2-1
mdadm 4.4-2
med-openmpi 5.0.0-5
megasync-bin 5.16.0-1
megasync-bin-debug 5.16.0-1
meld 3.22.3-2
mercurial 7.1.2-2
mesa 1:25.3.3-2
meson 1.10.1-1
min-browser-bin 1.35.2-1
minizip 1:1.3.1-2
mjpegtools 2.2.1-3
mobile-broadband-provider-info 20251101-1
mod_dnssd 0.6-9
mpdecimal 4.0.1-1
mpfr 4.2.2-1
mpg123 1.33.4-1
ms-365-electron-bin 2.0.0-1
ms-365-electron-bin-debug 2.0.0-1
msgpack-c 6.1.0-2
msgraph 0.3.4-1
mtdev 1.1.7-1
mutter 49.2-1
nanosvg 0.1.0.git1.9da543e-4
nautilus 49.3-1
ncurses 6.5-4
ndctl 79-1
neon 0.36.0-1
neovim 0.11.5-1
net-snmp 5.9.5.2-1
netavark 1.17.1-1
netpbm 10.86.48-1
nettle 3.10.2-1
networkmanager 1.54.3-1
networkmanager-openvpn 1.12.5-1
networkmanager-vpn-plugin-openvpn 1.12.5-1
nftables 1:1.1.6-2
ninja 1.13.2-2
nix 2.33.1-1
nix-busybox 1.36.1-2
nlohmann-json 3.12.0-2
nlopt 2.10.0-5
nm-connection-editor 1.36.0-1
node-gyp 12.1.0-1
nodejs 25.3.0-1
nodejs-nopt 7.2.1-1
noto-fonts 1:2026.01.01-1
noto-fonts-cjk 20240730-1
noto-fonts-emoji 1:2.051-1
npm 11.7.0-1
npth 1.8-1
nspr 4.38.2-1
nss 3.120-1
numactl 2.0.19-1
ocl-icd 2.3.4-1
onetbb 2022.3.0-3
oniguruma 6.9.10-1
openal 1.25.0-1
opencascade 1:7.9.3-1
opencore-amr 0.1.6-2
opencsg 1.8.1-1
openexr 3.4.4-1
openh264 2.6.0-1
openjpeg2 2.5.4-1
openmpi 5.0.9-3
openpmix 5.0.9-1
openscad 2021.01-19
openssh 10.2p1-2
openssl 3.6.0-1
openucx 1.20.0-1
openvdb 12.1.1-3
openvpn 2.6.17-1
opera 126.0.5750.43-1
opus 1.6.1-1
orc 0.4.41-1
orca 49.5-2
osinfo-db 20251212-1
ostree 2025.7-1
otf-fira-mono 2:3.206-4
otf-fira-sans 1:4.301-2
p11-kit 0.25.10-2
pacman 7.1.0.r9.g54d9411-1
pacman-contrib 1.13.1-1
pacman-mirrorlist 20251021-1
pam 1.7.1-1
pambase 20250719-1
pango 1:1.57.0-2
pangomm-2.48 2.56.1-1
papers 49.3-1
parallel 20251222-1
parted 3.6-2
passim 0.1.10-1
passt 2025_12_23.2ba9fd5-1
patch 2.8-1
pciutils 3.14.0-1
pcre 8.45-4
pcre2 10.47-1
pcsclite 2.4.1-1
perl 5.42.0-1
perl-clone 0.47-2
perl-encode-locale 1.05-15
perl-error 0.17030-3
perl-file-listing 6.16-6
perl-html-parser 3.83-2
perl-html-tagset 3.24-4
perl-http-cookiejar 0.014-5
perl-http-cookies 6.11-4
perl-http-daemon 6.16-6
perl-http-date 6.06-5
perl-http-message 7.01-2
perl-http-negotiate 6.01-16
perl-io-html 1.004-8
perl-libwww 6.81-2
perl-lwp-mediatypes 6.04-8
perl-mailtools 2.22-3
perl-net-http 6.24-2
perl-timedate 2.33-9
perl-try-tiny 0.32-4
perl-uri 5.34-2
perl-www-robotrules 6.02-16
perl-xml-parser 2.47-3
phodav 3.0-4
pinentry 1.3.2-2
pipewire 1:1.4.10-1
pipewire-alsa 1:1.4.10-1
pipewire-audio 1:1.4.10-1
pipewire-pulse 1:1.4.10-1
pipewire-session-manager 1:1.4.10-1
pixman 0.46.4-1
pkcs11-helper 1.31.0-1
pkgconf 2.5.1-1
playerctl 2.4.1-5
plocate 1.1.24-1
podman 5.7.1-1
podman-compose 1.5.0-2
podman-docker 5.7.1-1
polkit 127-3
pop-icon-theme 3.5.1-1
pop-launcher 1.2.7-1
pop-sound-theme 5.5.1.r7.g25ea85d-2
poppler 26.01.0-1
poppler-data 0.4.12-2
poppler-glib 26.01.0-1
popt 1.19-2
portaudio 1:19.7.0-3
power-profiles-daemon 0.30-1
procps-ng 4.0.5-3
protobuf 33.1-3
protobuf-c 1.5.2-8
proton-vpn-daemon 0.13.4-4
proton-vpn-gtk-app 4.13.1-2
prrte 3.0.12-1
prusa-slicer 2.9.4-4
psmisc 23.7-1
pugixml 1.15-2
pyright 1.1.407-1
pyside6 6.10.1-2
python 3.14.2-2
python-aiohappyeyeballs 2.6.1-4
python-aiohttp 3.13.3-1
python-aiosignal 1.4.0-3
python-argcomplete 3.6.2-2
python-attrs 25.4.0-3
python-autocommand 2.2.2-9
python-bcc 0.35.0-7
python-bcrypt 5.0.0-2
python-binaryornot 0.4.4-12
python-black 25.12.0-4
python-boolean.py 5.0-2
python-build 1.4.0-1
python-cairo 1.29.0-2
python-certifi 2026.01.04-1
python-cffi 2.0.0-2
python-chardet 5.2.0-7
python-charset-normalizer 3.4.4-2
python-click 8.3.1-1
python-colorama 0.4.6-6
python-configobj 5.0.9-6
python-contourpy 1.3.3-3
python-cryptography 46.0.3-2
python-cycler 0.12.1-4
python-dasbus 1.7-5
python-dateutil 2.9.0-8
python-dbus 1.4.0-2
python-dbus-fast 3.1.2-2
python-debian 1.0.1-2
python-defusedxml 0.7.1-8
python-distro 1.9.0-4
python-distutils-extra 2.39-15
python-docstring-to-markdown 0.17-2
python-dotenv 1.2.1-2
python-dulwich 0.25.2-1
python-entrypoints 0.4-7
python-fastbencode 0.3.7-2
python-fido2 2.0.0-2
python-filelock 3.20.3-1
python-flake8 1:7.3.0-2
python-fonttools 4.61.1-2
python-frozenlist 1.8.0-2
python-gnupg 0.5.6-2
python-gobject 3.54.5-2
python-idna 3.11-2
python-importlib-metadata 8.7.1-3
python-installer 0.7.0-14
python-jaraco.classes 3.4.0-3
python-jaraco.collections 5.1.0-3
python-jaraco.context 6.0.1-3
python-jaraco.functools 4.1.0-3
python-jaraco.text 4.0.0-4
python-jedi 0.19.2-4
python-jeepney 0.9.0-3
python-jinja 1:3.1.6-3
python-jsonschema 4.26.0-1
python-jsonschema-specifications 2025.9.1-2
python-keyring 25.7.0-2
python-kiwisolver 1.4.7-2
python-levenshtein 0.27.3-2
python-license-expression 30.4.4-2
python-lsp-jsonrpc 1.1.2-6
python-lsp-server 1.14.0-1
python-lxml 6.0.2-2
python-mako 1.3.10-4
python-markdown 3.10.0-2
python-markupsafe 3.0.2-2
python-matplotlib 3.10.8-3
python-mccabe 0.7.0-9
python-merge3 0.0.16-2
python-more-itertools 10.8.0-2
python-multidict 6.7.0-5
python-mypy_extensions 1.1.0-2
python-numpy 2.4.1-1
python-packaging 25.0-4
python-parso 1:0.8.5-2
python-pathspec 0.12.1-4
python-patiencediff 0.2.18-2
python-pillow 12.1.0-2
python-pip 25.3-3
python-pivy 1:0.6.10-3
python-platformdirs 4.5.1-3
python-pluggy 1.6.0-3
python-ply 3.11-16
python-propcache 0.4.1-2
python-protobuf 33.1-3
python-proton-core 0.7.0-3
python-proton-keyring-linux 0.2.1-3
python-proton-vpn-api-core 4.14.1-4
python-proton-vpn-local-agent 1.6.0-3
python-psutil 7.2.1-1
python-pycodestyle 2.14.0-2
python-pycparser 2.23-2
python-pycups 2.0.4-4
python-pydbus 0.6.0-13
python-pyflakes 3.4.0-2
python-pygments 2.19.2-3
python-pyinotify 0.9.6-16
python-pynacl 1.6.2-1
python-pyopenssl 25.3.0-2
python-pyparsing 3.3.1-3
python-pyproject-hooks 1.2.0-6
python-pytokens 0.3.0-2
python-pyxdg 0.28-7
python-rapidfuzz 3.14.3-2
python-referencing 0.37.0-3
python-requests 2.32.5-3
python-rpds-py 0.30.0-2
python-secretstorage 3.3.3-7
python-sentry_sdk 2.49.0-1
python-setproctitle 1.3.7-2
python-setuptools 1:80.9.0-4
python-shtab 1.8.0-2
python-simplejson 3.20.2-2
python-six 1.17.0-2
python-systemd 235-5
python-termcolor 3.2.0-3
python-tomlkit 0.14.0-1
python-tqdm 4.67.1-5
python-typing_extensions 4.15.0-3
python-ujson 5.11.0-2
python-urllib3 2.6.3-1
python-watchdog 6.0.0-2
python-websocket-client 1.9.0-3
python-websockets 16.0-1
python-wheel 0.45.1-4
python-yaml 6.0.3-2
python-yarl 1.23.0-1
python-zipp 3.21.0-4
python313-freethreaded-debug 3.13.11-1
qemu-audio-alsa 10.1.2-4
qemu-audio-dbus 10.1.2-4
qemu-audio-jack 10.1.2-4
qemu-audio-oss 10.1.2-4
qemu-audio-pa 10.1.2-4
qemu-audio-pipewire 10.1.2-4
qemu-audio-sdl 10.1.2-4
qemu-audio-spice 10.1.2-4
qemu-base 10.1.2-4
qemu-block-curl 10.1.2-4
qemu-block-dmg 10.1.2-4
qemu-block-nfs 10.1.2-4
qemu-block-ssh 10.1.2-4
qemu-chardev-spice 10.1.2-4
qemu-common 10.1.2-4
qemu-desktop 10.1.2-4
qemu-hw-display-qxl 10.1.2-4
qemu-hw-display-virtio-gpu 10.1.2-4
qemu-hw-display-virtio-gpu-gl 10.1.2-4
qemu-hw-display-virtio-gpu-pci 10.1.2-4
qemu-hw-display-virtio-gpu-pci-gl 10.1.2-4
qemu-hw-display-virtio-gpu-pci-rutabaga 10.1.2-4
qemu-hw-display-virtio-gpu-rutabaga 10.1.2-4
qemu-hw-display-virtio-vga 10.1.2-4
qemu-hw-display-virtio-vga-gl 10.1.2-4
qemu-hw-display-virtio-vga-rutabaga 10.1.2-4
qemu-hw-uefi-vars 10.1.2-4
qemu-hw-usb-host 10.1.2-4
qemu-hw-usb-redirect 10.1.2-4
qemu-hw-usb-smartcard 10.1.2-4
qemu-img 10.1.2-4
qemu-system-x86 10.1.2-4
qemu-system-x86-firmware 10.1.2-4
qemu-ui-curses 10.1.2-4
qemu-ui-dbus 10.1.2-4
qemu-ui-egl-headless 10.1.2-4
qemu-ui-gtk 10.1.2-4
qemu-ui-opengl 10.1.2-4
qemu-ui-sdl 10.1.2-4
qemu-ui-spice-app 10.1.2-4
qemu-ui-spice-core 10.1.2-4
qemu-vhost-user-gpu 10.1.2-4
qhull 2020.2-5
qpdf 12.3.0-1
qrencode 4.1.1-4
qscintilla-qt5 2.14.1-5
qt5-base 5.15.18+kde+r109-2
qt5-declarative 5.15.18+kde+r23-1
qt5-graphicaleffects 5.15.18-1
qt5-multimedia 5.15.18+kde+r2-1
qt5-quickcontrols 5.15.18-1
qt5-quickcontrols2 5.15.18+kde+r5-1
qt5-svg 5.15.18+kde+r5-1
qt5-tools 5.15.18+kde+r3-1
qt5-translations 5.15.18-1
qt5-x11extras 5.15.18-1
qt6-base 6.10.1-1
qt6-declarative 6.10.1-3
qt6-svg 6.10.1-1
qt6-tools 6.10.1-1
qt6-translations 6.10.1-1
quickemu 4.9.7-1
raptor 2.0.16-9
rav1e 0.8.1-2
rdma-core 61.0-1
readline 8.3.003-1
remmina 1:1.4.41-2
reuse 6.2.0-2
rhash 1.4.6-1
ripgrep 15.1.0-1
rslsync 3.1.2-1
rslsync-debug 3.1.2-1
rsync 3.4.1-2
rtkit 0.14-1
rtmpdump 1:2.6-1
rubberband 4.0.0-1
ruff 0.14.13-1
rustup 1.28.2-4
rutabaga-ffi 0.1.75-1
rygel 1:45.1-1
s2n-tls 1.6.4-1
sane 1.4.0-3
sane-airscan 0.99.36-1
sassc 3.6.2-5
sbc 2.1-1
schroot 1.6.13-8
sdl2-compat 2.32.62-1
sdl2_image 2.8.8-1
sdl2_ttf 2.24.0-2
sdl3 3.4.0-1
sdl3_ttf 3.2.2-3
seabios 1.17.0-2
seafile 9.0.15-1
seafile-client-debug 9.0.15-1
seafile-debug 9.0.15-1
seatd 0.9.1-1
sed 4.9-3
semver 7.7.3-1
serd 0.32.6-1
serf 1.3.10-2
shaderc 2025.5-1
shadow 4.18.0-1
shared-mime-info 2.4-2
shiboken6 6.10.1-2
showtime 49.1-2
simdjson 1:4.2.4-1
simple-scan 49.1-1
slang 2.3.3-4
smbclient 2:4.23.4-2
snappy 1.2.2-2
snapshot 49.1-1
socat 1.8.1.0-1
soqt 1.6.1-2
sord 0.16.20-1
sound-theme-freedesktop 0.8-6
soundtouch 2.4.0-1
source-highlight 3.1.9-16
spandsp 0.0.6-6
speech-dispatcher 0.12.1-3
speex 1.2.1-2
speexdsp 1.2.1-2
spice 0.16.0-2
spice-gtk 0.42-5
spice-protocol 0.14.5-1
spirv-tools 1:1.4.335.0-1
sqlite 3.51.2-1
sratom 0.6.20-1
srt 1.5.4-1
starship 1.24.2-1
startup-notification 0.12-9
stow 2.4.1-1
subversion 1.14.5-5
sudo 1.9.17.p2-2
svt-av1 3.1.2-1
svt-hevc 1.5.1-3
switcheroo-control 3.0-1
swtpm 0.10.1-1
syncthing 2.0.13-1
system-config-printer 1.5.18-6
systemd 259-2
systemd-libs 259-2
systemd-sysvcompat 259-2
taglib 2.1.1-1
tailscale 1.92.5-1
talloc 2.4.3-2
tar 1.35-2
tcl 8.6.16-1
tdb 1.4.14-2
tecla 49.0-1
tevent 1:0.17.1-2
texinfo 7.2-1
thunderbird 145.0-1
tinysparql 3.10.1-2
tinyxml2 11.0.0-1
tk 8.6.16-1
tldr 3.4.3-3
tmux 3.6_a-1
totem-pl-parser 3.26.6+r30+g51b8439-2
tpm2-tss 4.1.3-1
trayscale-debug 0.18.3-1
tree-sitter 0.25.10-3
tree-sitter-c 0.24.1-1
tree-sitter-lua 0.4.0-1
tree-sitter-markdown 0.5.1-1
tree-sitter-query 0.7.0-1
tree-sitter-vim 0.7.0-1
tree-sitter-vimdoc 4.0.0-1
tslib 1.24-1
ttf-fira-code 6.2-2
ttf-fira-sans 1:4.301-2
ttf-firacode-nerd 3.4.0-1
ttf-jetbrains-mono 2.304-2
ttf-liberation 2.1.5-2
ttf-nerd-fonts-symbols 3.4.0-1
ttf-nerd-fonts-symbols-common 3.4.0-1
ttf-opensans 3.003-1
ttf-roboto 3.014-1
ttf-sourcecodepro-nerd 3.4.0-1
ttf-ubuntu-font-family 1:0.83-2
ttf-work-sans 2.010-2
twolame 0.4.0-4
tzdata 2025c-1
uchardet 0.0.8-3
udisks2 2.11.0-1
uemacs-git 20180719.r129-1
uemacs-git-debug 20180719.r129-1
unibilium 2.1.2-1
unison 2.53.8-1
unzip 6.0-23
upower 1.91.0-1
usbmuxd 1.1.1-4
usbredir 0.15.0-1
usbutils 019-1
util-linux 2.41.3-2
util-linux-libs 2.41.3-2
uv 0.9.26-1
uxplay 1:1.72.3-2
uxplay-debug 1:1.72.3-2
v4l-utils 1.32.0-1
vala 0.56.18-5
vapoursynth 73-2
vde2 2.3.3-8
verdict 1.4.4-1
vid.stab 1.1.1-2
virglrenderer 1.2.0-1
virtiofsd 1.13.3-1
visual-studio-code-bin 1.108.1-1
visual-studio-code-bin-debug 1.97.2-1
vivaldi 7.7.3851.67-1
vivaldi-ffmpeg-codecs 142.0.7444.267-1
vmaf 3.0.0-1
volume_key 0.3.12-12
vte-common 0.82.3-1
vte3 0.82.3-1
vte4 0.82.3-1
vtk 9.5.2-9
vulkan-headers 1:1.4.335.0-2
vulkan-icd-loader 1.4.335.0-1
vulkan-mesa-implicit-layers 1:25.3.3-2
vulkan-radeon 1:25.3.3-2
wavpack 5.8.1-1
wayland 1.24.0-1
webkit2gtk 2.50.4-1
webkit2gtk-4.1 2.50.4-1
webkitgtk-6.0 2.50.4-1
webrtc-audio-processing-1 1.3-5
wezterm 20240203.110809.5046fc22-2
wget 1.25.0-3
which 2.23-1
whois 5.6.5-1
wildmidi 0.4.6-1
wireguard-tools 1.0.20250521-1
wireplumber 0.5.13-1
wmctrl 1.07-6
woff2 1.0.2-6
wolfssl 5.8.4-1
wpa_supplicant 2:2.11-5
wsdd 0.9-2
wxwidgets-common 3.2.9-4
wxwidgets-gtk3 3.2.9-4
x264 3:0.165.r3222.b35605a-2
x265 4.1-1
xcb-proto 1.17.0-4
xcb-util 0.4.1-2
xcb-util-cursor 0.1.6-1
xcb-util-image 0.4.1-3
xcb-util-keysyms 0.4.1-5
xcb-util-renderutil 0.3.10-2
xcb-util-wm 0.4.2-2
xdg-dbus-proxy 0.1.6-1
xdg-desktop-portal 1.20.3-2
xdg-desktop-portal-cosmic 1:1.0.2-1
xdg-desktop-portal-gnome 49.0-1
xdg-desktop-portal-gtk 1.15.3-1
xdg-user-dirs 0.19-2
xdg-user-dirs-gtk 0.16-1
xdg-utils 1.2.1-2
xerces-c 3.3.0-3
xkeyboard-config 2.46-1
xorg-fonts-encodings 1.1.0-1
xorg-server-common 21.1.21-1
xorg-setxkbmap 1.3.4-2
xorg-xkbcomp 1.5.0-1
xorg-xmodmap 1.0.11-2
xorg-xprop 1.2.8-1
xorg-xrandr 1.5.3-1
xorg-xrdb 1.2.2-2
xorg-xset 1.2.5-2
xorg-xwayland 24.1.9-1
xorgproto 2025.1-1
xr-driver-git 2.0.9-1
xr-driver-git-debug 2.0.9-1
xvidcore 1.3.7-3
xxhash 0.8.3-1
xz 5.8.2-1
yajl 2.1.0-6
yaml-cpp 0.8.0-2
yay-bin 12.5.7-1
yay-bin-debug 12.5.7-1
yazi 26.1.4-1
yyjson 0.12.0-1
z3 4.15.1-2
zbar 0.23.93-5
zellij 0.43.1-1
zen-browser-bin 1.17.15b-1
zeromq 4.3.5-2
zig 0.15.2-2
zimg 3.0.6-1
zip 3.0-11
zix 0.8.0-1
zlib 1:1.3.1-2
zlib-ng 2.3.2-1
zoxide 0.9.8-2
zsh 5.9-5
zstd 1.5.7-2
zsync 0.6.3-1
zvbi 0.2.44-1
zxing-cpp 2.3.0-5
